
Microsoft Visual Studio Solution File, Format Version 12.00
# Visual Studio Version 16
VisualStudioVersion = 16.0.30114.105
MinimumVisualStudioVersion = 10.0.40219.1
Project("{FAE04EC0-301F-11D3-BF4B-00C04F79EFBC}") = "SeeTrue.Models", "SeeTrue.Models\SeeTrue.Models.csproj", "{41B8229B-B0E5-4A61-8DE0-FA68BCD0FE98}"
EndProject
Project("{2150E333-8FDC-42A3-9474-1A3956D46DE8}") = "Solution Items", "Solution Items", "{98AB5C53-5144-40B0-AB06-DE2276701570}"
	ProjectSection(SolutionItems) = preProject
		compose.yml = compose.yml
		.gitignore = .gitignore
	EndProjectSection
EndProject
Project("{FAE04EC0-301F-11D3-BF4B-00C04F79EFBC}") = "SeeTrue.Infrastructure", "SeeTrue.Infrastructure\SeeTrue.Infrastructure.csproj", "{247E1EEC-D849-41D4-A116-AAF679D3C4BA}"
EndProject
Project("{FAE04EC0-301F-11D3-BF4B-00C04F79EFBC}") = "SeeTrue.API", "SeeTrue.API\SeeTrue.API.csproj", "{9AA48196-5DF8-47D3-BB8B-6A1F83B88B50}"
EndProject
Project("{FAE04EC0-301F-11D3-BF4B-00C04F79EFBC}") = "SeeTrue.Tests", "SeeTrue.Tests\SeeTrue.Tests.csproj", "{FE78DF56-DE33-4778-93C5-A591D2A44541}"
EndProject
Global
	GlobalSection(SolutionConfigurationPlatforms) = preSolution
		Debug|Any CPU = Debug|Any CPU
		Release|Any CPU = Release|Any CPU
	EndGlobalSection
	GlobalSection(SolutionProperties) = preSolution
		HideSolutionNode = FALSE
	EndGlobalSection
	GlobalSection(ProjectConfigurationPlatforms) = postSolution
		{41B8229B-B0E5-4A61-8DE0-FA68BCD0FE98}.Debug|Any CPU.ActiveCfg = Debug|Any CPU
		{41B8229B-B0E5-4A61-8DE0-FA68BCD0FE98}.Debug|Any CPU.Build.0 = Debug|Any CPU
		{41B8229B-B0E5-4A61-8DE0-FA68BCD0FE98}.Release|Any CPU.ActiveCfg = Release|Any CPU
		{41B8229B-B0E5-4A61-8DE0-FA68BCD0FE98}.Release|Any CPU.Build.0 = Release|Any CPU
		{247E1EEC-D849-41D4-A116-AAF679D3C4BA}.Debug|Any CPU.ActiveCfg = Debug|Any CPU
		{247E1EEC-D849-41D4-A116-AAF679D3C4BA}.Debug|Any CPU.Build.0 = Debug|Any CPU
		{247E1EEC-D849-41D4-A116-AAF679D3C4BA}.Release|Any CPU.ActiveCfg = Release|Any CPU
		{247E1EEC-D849-41D4-A116-AAF679D3C4BA}.Release|Any CPU.Build.0 = Release|Any CPU
		{9AA48196-5DF8-47D3-BB8B-6A1F83B88B50}.Debug|Any CPU.ActiveCfg = Debug|Any CPU
		{9AA48196-5DF8-47D3-BB8B-6A1F83B88B50}.Debug|Any CPU.Build.0 = Debug|Any CPU
		{9AA48196-5DF8-47D3-BB8B-6A1F83B88B50}.Release|Any CPU.ActiveCfg = Release|Any CPU
		{9AA48196-5DF8-47D3-BB8B-6A1F83B88B50}.Release|Any CPU.Build.0 = Release|Any CPU
		{FE78DF56-DE33-4778-93C5-A591D2A44541}.Debug|Any CPU.ActiveCfg = Debug|Any CPU
		{FE78DF56-DE33-4778-93C5-A591D2A44541}.Debug|Any CPU.Build.0 = Debug|Any CPU
		{FE78DF56-DE33-4778-93C5-A591D2A44541}.Release|Any CPU.ActiveCfg = Release|Any CPU
		{FE78DF56-DE33-4778-93C5-A591D2A44541}.Release|Any CPU.Build.0 = Release|Any CPU
	EndGlobalSection
EndGlobal
