
Microsoft Visual Studio Solution File, Format Version 12.00
# Visual Studio Version 16
VisualStudioVersion = 16.0.810.14
MinimumVisualStudioVersion = 10.0.40219.1
Project("{FAE04EC0-301F-11D3-BF4B-00C04F79EFBC}") = "SeeTrue.API", "SeeTrue.API.csproj", "{A1977165-555F-400D-8EBE-9EF37A8B1758}"
EndProject
Global
	GlobalSection(SolutionConfigurationPlatforms) = preSolution
		Debug|Any CPU = Debug|Any CPU
		Release|Any CPU = Release|Any CPU
	EndGlobalSection
	GlobalSection(ProjectConfigurationPlatforms) = postSolution
		{A1977165-555F-400D-8EBE-9EF37A8B1758}.Debug|Any CPU.ActiveCfg = Debug|Any CPU
		{A1977165-555F-400D-8EBE-9EF37A8B1758}.Debug|Any CPU.Build.0 = Debug|Any CPU
		{A1977165-555F-400D-8EBE-9EF37A8B1758}.Release|Any CPU.ActiveCfg = Release|Any CPU
		{A1977165-555F-400D-8EBE-9EF37A8B1758}.Release|Any CPU.Build.0 = Release|Any CPU
	EndGlobalSection
	GlobalSection(SolutionProperties) = preSolution
		HideSolutionNode = FALSE
	EndGlobalSection
	GlobalSection(ExtensibilityGlobals) = postSolution
		SolutionGuid = {842E14A5-7C5D-432A-8B53-735D568ED91C}
	EndGlobalSection
EndGlobal
